
Microsoft Visual Studio Solution File, Format Version 12.00
# Visual Studio Version 17
VisualStudioVersion = 17.3.32825.248
MinimumVisualStudioVersion = 10.0.40219.1
Project("{FAE04EC0-301F-11D3-BF4B-00C04F79EFBC}") = "ConsoleApp1", "ConsoleApp1\ConsoleApp1.csproj", "{DB6A9882-5C13-464D-930B-668E5D2F57C1}"
EndProject
Project("{FAE04EC0-301F-11D3-BF4B-00C04F79EFBC}") = "MyConsoleLibrary", "MyConsoleLibrary\MyConsoleLibrary.csproj", "{6CB37B73-D878-4093-AB7B-32015B4D1386}"
EndProject
Project("{2150E333-8FDC-42A3-9474-1A3956D46DE8}") = "03-Variables_Constant_ReadOnly", "03-Variables_Constant_ReadOnly", "{6A258C8B-62DA-40BB-85E9-3DDDEC843500}"
EndProject
Project("{FAE04EC0-301F-11D3-BF4B-00C04F79EFBC}") = "03_VCR", "03-Variables_Constant_ReadOnly\03_VCR\03_VCR.csproj", "{8F5AD62D-3825-45AD-859A-92531F7F5887}"
EndProject
Project("{2150E333-8FDC-42A3-9474-1A3956D46DE8}") = "04-Variables_float_vs_double_decimal", "04-Variables_float_vs_double_decimal", "{76526969-FD2B-43E0-B353-E26C6EBCFDE9}"
EndProject
Project("{FAE04EC0-301F-11D3-BF4B-00C04F79EFBC}") = "04_FDD", "04-Variables_float_double_decimal\04_FDD\04_FDD.csproj", "{9C80495D-C3FE-42C7-B2B2-7B1837E88774}"
EndProject
Global
	GlobalSection(SolutionConfigurationPlatforms) = preSolution
		Debug|Any CPU = Debug|Any CPU
		Release|Any CPU = Release|Any CPU
	EndGlobalSection
	GlobalSection(ProjectConfigurationPlatforms) = postSolution
		{DB6A9882-5C13-464D-930B-668E5D2F57C1}.Debug|Any CPU.ActiveCfg = Debug|Any CPU
		{DB6A9882-5C13-464D-930B-668E5D2F57C1}.Debug|Any CPU.Build.0 = Debug|Any CPU
		{DB6A9882-5C13-464D-930B-668E5D2F57C1}.Release|Any CPU.ActiveCfg = Release|Any CPU
		{DB6A9882-5C13-464D-930B-668E5D2F57C1}.Release|Any CPU.Build.0 = Release|Any CPU
		{6CB37B73-D878-4093-AB7B-32015B4D1386}.Debug|Any CPU.ActiveCfg = Debug|Any CPU
		{6CB37B73-D878-4093-AB7B-32015B4D1386}.Debug|Any CPU.Build.0 = Debug|Any CPU
		{6CB37B73-D878-4093-AB7B-32015B4D1386}.Release|Any CPU.ActiveCfg = Release|Any CPU
		{6CB37B73-D878-4093-AB7B-32015B4D1386}.Release|Any CPU.Build.0 = Release|Any CPU
		{8F5AD62D-3825-45AD-859A-92531F7F5887}.Debug|Any CPU.ActiveCfg = Debug|Any CPU
		{8F5AD62D-3825-45AD-859A-92531F7F5887}.Debug|Any CPU.Build.0 = Debug|Any CPU
		{8F5AD62D-3825-45AD-859A-92531F7F5887}.Release|Any CPU.ActiveCfg = Release|Any CPU
		{8F5AD62D-3825-45AD-859A-92531F7F5887}.Release|Any CPU.Build.0 = Release|Any CPU
		{9C80495D-C3FE-42C7-B2B2-7B1837E88774}.Debug|Any CPU.ActiveCfg = Debug|Any CPU
		{9C80495D-C3FE-42C7-B2B2-7B1837E88774}.Debug|Any CPU.Build.0 = Debug|Any CPU
		{9C80495D-C3FE-42C7-B2B2-7B1837E88774}.Release|Any CPU.ActiveCfg = Release|Any CPU
		{9C80495D-C3FE-42C7-B2B2-7B1837E88774}.Release|Any CPU.Build.0 = Release|Any CPU
	EndGlobalSection
	GlobalSection(SolutionProperties) = preSolution
		HideSolutionNode = FALSE
	EndGlobalSection
	GlobalSection(NestedProjects) = preSolution
		{8F5AD62D-3825-45AD-859A-92531F7F5887} = {6A258C8B-62DA-40BB-85E9-3DDDEC843500}
		{9C80495D-C3FE-42C7-B2B2-7B1837E88774} = {76526969-FD2B-43E0-B353-E26C6EBCFDE9}
	EndGlobalSection
	GlobalSection(ExtensibilityGlobals) = postSolution
		SolutionGuid = {B9239E59-720F-4EB7-AB8E-A5A1D277D0AB}
	EndGlobalSection
EndGlobal
