
Microsoft Visual Studio Solution File, Format Version 12.00
# Visual Studio Version 17
VisualStudioVersion = 17.3.32825.248
MinimumVisualStudioVersion = 10.0.40219.1
Project("{9A19103F-16F7-4668-BE54-9A1E7A4F7556}") = "ConsoleApp1", "General\ConsoleApp1\ConsoleApp1.csproj", "{DB6A9882-5C13-464D-930B-668E5D2F57C1}"
EndProject
Project("{9A19103F-16F7-4668-BE54-9A1E7A4F7556}") = "MyConsoleLibrary", "General\MyConsoleLibrary\MyConsoleLibrary.csproj", "{6CB37B73-D878-4093-AB7B-32015B4D1386}"
EndProject
Project("{2150E333-8FDC-42A3-9474-1A3956D46DE8}") = "03-Variables_Constant_ReadOnly", "03-Variables_Constant_ReadOnly", "{6A258C8B-62DA-40BB-85E9-3DDDEC843500}"
EndProject
Project("{9A19103F-16F7-4668-BE54-9A1E7A4F7556}") = "03_VCR", "General\03-Variables_Constant_ReadOnly\03_VCR\03_VCR.csproj", "{8F5AD62D-3825-45AD-859A-92531F7F5887}"
EndProject
Project("{2150E333-8FDC-42A3-9474-1A3956D46DE8}") = "04-Variables_float_vs_double_decimal", "04-Variables_float_vs_double_decimal", "{76526969-FD2B-43E0-B353-E26C6EBCFDE9}"
EndProject
Project("{9A19103F-16F7-4668-BE54-9A1E7A4F7556}") = "04_FDD", "General\04-Variables_float_double_decimal\04_FDD\04_FDD.csproj", "{9C80495D-C3FE-42C7-B2B2-7B1837E88774}"
EndProject
Project("{2150E333-8FDC-42A3-9474-1A3956D46DE8}") = "05-Take_User_input_ConsoleApp", "05-Take_User_input_ConsoleApp", "{4C748011-5B87-4541-BF14-E334FFCA005B}"
EndProject
Project("{9A19103F-16F7-4668-BE54-9A1E7A4F7556}") = "TakeUserInput", "General\05-Take_User_input_ConsoleApp\TakeUserInput\TakeUserInput.csproj", "{9DF18A39-CB50-4590-B0E1-B9BD1B92E710}"
EndProject
Project("{2150E333-8FDC-42A3-9474-1A3956D46DE8}") = "06- Methods_introduction", "06- Methods_introduction", "{3A213784-7E11-4DB9-A512-0C6DDD2DE726}"
EndProject
Project("{9A19103F-16F7-4668-BE54-9A1E7A4F7556}") = "Methods_introduction", "General\06- Methods_introduction\Methods_introduction\Methods_introduction.csproj", "{0DCD4D36-28DE-4575-B93F-6CE3A17C4C3F}"
EndProject
Project("{2150E333-8FDC-42A3-9474-1A3956D46DE8}") = "02-Access_Modifiers", "02-Access_Modifiers", "{A87594B1-7D93-4D49-AE75-9FFEC5D0BC67}"
EndProject
Project("{2150E333-8FDC-42A3-9474-1A3956D46DE8}") = "07-Types_Of_Methods", "07-Types_Of_Methods", "{3DFF7B17-7421-4F1C-B8FB-5D4959C6E8CE}"
EndProject
Project("{9A19103F-16F7-4668-BE54-9A1E7A4F7556}") = "TypesOfMethods", "General\07-Types_Of_Methods\TypesOfMethods\TypesOfMethods.csproj", "{22F6D71F-3B8F-48AC-BFAD-E46616CF9F5C}"
EndProject
Project("{2150E333-8FDC-42A3-9474-1A3956D46DE8}") = "08-Debug_a_program", "08-Debug_a_program", "{6994D754-B1F4-4485-BE10-82BF133EF29C}"
EndProject
Project("{9A19103F-16F7-4668-BE54-9A1E7A4F7556}") = "Debug_A_Program", "General\08-Debug_A_Program\Debug_A_Program\Debug_A_Program.csproj", "{4B58BF37-4EA0-4C3B-B2DD-E12AD45D5FFD}"
EndProject
Project("{2150E333-8FDC-42A3-9474-1A3956D46DE8}") = "09-Extension_Methods", "09-Extension_Methods", "{E073AE9A-1888-409D-AE42-CC10EB5B98C2}"
EndProject
Project("{9A19103F-16F7-4668-BE54-9A1E7A4F7556}") = "ExtensionMethods", "General\09-Extension_Methods\ExtensionMethods\ExtensionMethods.csproj", "{80EB970B-D9B5-4AD5-AE55-7DC5FAF54F24}"
EndProject
Project("{2150E333-8FDC-42A3-9474-1A3956D46DE8}") = "10-Partial_Methods", "10-Partial_Methods", "{F82794D3-DE57-493C-AA58-1BAB20C46E94}"
EndProject
Project("{9A19103F-16F7-4668-BE54-9A1E7A4F7556}") = "PartialMethods", "General\10-Partial_Methods\PartialMethods\PartialMethods.csproj", "{CDFB6861-0C7B-48C5-AB7B-A03F1498F9F7}"
EndProject
Project("{2150E333-8FDC-42A3-9474-1A3956D46DE8}") = "11-OOP-Encapsulation", "11-OOP-Encapsulation", "{083F85C8-F164-46C3-8188-E11B29F5CB4E}"
EndProject
Project("{9A19103F-16F7-4668-BE54-9A1E7A4F7556}") = "11-Ecapsulation", "General\11-Ecapsulation\11-Ecapsulation\11-Ecapsulation.csproj", "{C733BFF8-A8DE-4B27-980D-129C845DDB8D}"
EndProject
Project("{2150E333-8FDC-42A3-9474-1A3956D46DE8}") = "12-OOP_Abstraction", "12-OOP_Abstraction", "{1CC1CF67-D4EA-4FCE-9781-24218294381D}"
EndProject
Project("{9A19103F-16F7-4668-BE54-9A1E7A4F7556}") = "12-OOP_Abstraction", "General\12-OOP_Abstraction\12-OOP_Abstraction\12-OOP_Abstraction.csproj", "{82F7C887-A3BA-4F4F-A2A4-B39E62C7DF34}"
EndProject
Project("{9A19103F-16F7-4668-BE54-9A1E7A4F7556}") = "EmailService", "General\12-OOP_Abstraction\EmailService\EmailService.csproj", "{9C688430-9887-4BF5-91DC-8F2FE06ECD0A}"
EndProject
Project("{2150E333-8FDC-42A3-9474-1A3956D46DE8}") = "13-Inheritance", "13-Inheritance", "{ECF31E34-A886-402F-A385-0D161B42BFE5}"
EndProject
Project("{9A19103F-16F7-4668-BE54-9A1E7A4F7556}") = "13-Inheritance", "13-OOP_Inheritance\13-Inheritance\13-Inheritance.csproj", "{43B61909-236A-427C-9D0B-32A67D26A19F}"
EndProject
Project("{2150E333-8FDC-42A3-9474-1A3956D46DE8}") = "14-Pollymorphism", "14-Pollymorphism", "{AD8ADC35-5FD4-47FC-89BD-92D706D09B5C}"
EndProject
Project("{9A19103F-16F7-4668-BE54-9A1E7A4F7556}") = "Pollymorphism", "General\14-OOP_Pollymorphism\Pollymorphism\Pollymorphism.csproj", "{49DC8DB1-C4C3-44CD-B8F3-0964A96540A6}"
EndProject
Project("{2150E333-8FDC-42A3-9474-1A3956D46DE8}") = "15-Enums", "15-Enums", "{33265EDD-2A16-4D8A-B537-5CC2A42B1FE6}"
EndProject
Project("{9A19103F-16F7-4668-BE54-9A1E7A4F7556}") = "15-Enums", "General\15-Emums\15-Enums\15-Enums.csproj", "{50AD3907-7C95-41D5-9A55-FD37927404F3}"
EndProject
Project("{2150E333-8FDC-42A3-9474-1A3956D46DE8}") = "16- CSharp 11 features", "16- CSharp 11 features", "{DA2139BA-6781-4B62-A935-628CC43EBBB2}"
EndProject
Project("{9A19103F-16F7-4668-BE54-9A1E7A4F7556}") = "CSharp11Features", "General\15-CSharp11Features\CSharp11Features\CSharp11Features.csproj", "{1FE1B28E-BC1F-4772-98D6-F49E7E1A33A7}"
EndProject
Project("{2150E333-8FDC-42A3-9474-1A3956D46DE8}") = "17-ConnectSqlServer", "17-ConnectSqlServer", "{5641A592-2ED6-4159-81C9-91A85B401BED}"
EndProject
Project("{9A19103F-16F7-4668-BE54-9A1E7A4F7556}") = "17ConnectToSqlServer", "General\17-ConnectToSqlServer\17ConnectToSqlServer\17ConnectToSqlServer.csproj", "{BBE1DDDD-EF9B-4417-8B8E-40E9A8AB3928}"
EndProject
Project("{2150E333-8FDC-42A3-9474-1A3956D46DE8}") = "18-WhyStringPropertyWarnings", "18-WhyStringPropertyWarnings", "{9E1A7393-C3D9-4A83-8CDD-69B14DD4F4A9}"
EndProject
Project("{9A19103F-16F7-4668-BE54-9A1E7A4F7556}") = "18WhyStringPropertyWarning", "General\18-WhyStringPropertyWarning\18WhyStringPropertyWarning\18WhyStringPropertyWarning.csproj", "{62EC2A50-567B-4B6B-A39C-5E1EC8936178}"
EndProject
Project("{2150E333-8FDC-42A3-9474-1A3956D46DE8}") = "19-ReadConfigsInConsoleApp", "19-ReadConfigsInConsoleApp", "{1CF47173-BEFE-4A53-84FB-427588B941D4}"
EndProject
Project("{9A19103F-16F7-4668-BE54-9A1E7A4F7556}") = "ReadConfigsInConsoleApp", "General\19-ReadConfigsInConsoleApp\ConsoleApp2\ReadConfigsInConsoleApp.csproj", "{9B06B64E-58E0-4926-84B1-6E721F76CAC9}"
EndProject
Project("{2150E333-8FDC-42A3-9474-1A3956D46DE8}") = "20-MethodOverloading", "20-MethodOverloading", "{6E4A6897-0F27-4E2A-8A73-FC43643159D5}"
EndProject
Project("{9A19103F-16F7-4668-BE54-9A1E7A4F7556}") = "MethodOverloading", "General\20-MethodOverloading\MethodOverloading\MethodOverloading.csproj", "{9803C132-AF82-49AE-A268-5F5B05B6517D}"
EndProject
Project("{2150E333-8FDC-42A3-9474-1A3956D46DE8}") = "21-DI_ConsoleApp", "21-DI_ConsoleApp", "{4D0E3250-0193-43BF-98F7-4F0119213F49}"
EndProject
Project("{9A19103F-16F7-4668-BE54-9A1E7A4F7556}") = "DIConsoleApp", "General\21-DIConsoleApp\DIConsoleApp\DIConsoleApp.csproj", "{7F43EF33-5350-489A-9AA1-5EAA195C1BD1}"
EndProject
Project("{2150E333-8FDC-42A3-9474-1A3956D46DE8}") = "General", "General", "{E435A1D2-6499-4A0C-BC97-1E64B24017A8}"
EndProject
Project("{2150E333-8FDC-42A3-9474-1A3956D46DE8}") = "WebMVC", "WebMVC", "{14E30576-6758-4C8D-B3EA-32484438FE4B}"
EndProject
Project("{2150E333-8FDC-42A3-9474-1A3956D46DE8}") = "WebAPI", "WebAPI", "{64B84555-4DD0-4CCE-8632-3F6A4F80448F}"
EndProject
Project("{9A19103F-16F7-4668-BE54-9A1E7A4F7556}") = "PostFiles", "WebAPI\PostFiles\PostFiles.csproj", "{241CB4AB-C697-4EBA-8CF5-1B1D2AFD5AFF}"
EndProject
Project("{2150E333-8FDC-42A3-9474-1A3956D46DE8}") = "22-Structs", "22-Structs", "{A7709650-F9A3-4773-90D1-FEBBEB0D70D1}"
EndProject
Project("{9A19103F-16F7-4668-BE54-9A1E7A4F7556}") = "21Structs", "General\21-Structs\21Structs\21Structs.csproj", "{641B8DED-5930-4221-9FEA-9DED7DAC3728}"
EndProject
Project("{2150E333-8FDC-42A3-9474-1A3956D46DE8}") = "Console", "Console", "{94856150-255D-43F7-A1FC-F6E3ED5FEE45}"
EndProject
Project("{9A19103F-16F7-4668-BE54-9A1E7A4F7556}") = "23BackgroundService", "Console\23BackgroundService\23BackgroundService.csproj", "{F9B1F242-6AC5-4463-A116-FE33CF1B8A19}"
EndProject
Project("{2150E333-8FDC-42A3-9474-1A3956D46DE8}") = "Winforms", "Winforms", "{22B3354F-3BF1-4922-8D85-51B6F2688D55}"
EndProject
Project("{FAE04EC0-301F-11D3-BF4B-00C04F79EFBC}") = "KeepCopy", "Winforms\KeepCopy\KeepCopy.csproj", "{3294AAB0-E1B3-4C7E-8BC1-F7DA34ABC09B}"
EndProject
Project("{2150E333-8FDC-42A3-9474-1A3956D46DE8}") = "ZeroZone", "ZeroZone", "{3FD046B0-C208-43AD-9CEC-461A3B83C19F}"
EndProject
Project("{9A19103F-16F7-4668-BE54-9A1E7A4F7556}") = "MsTests", "ZeroZone\MsTests\MsTests.csproj", "{4BE198DD-ECA6-40E5-9FA8-F91670C83764}"
EndProject
Project("{9A19103F-16F7-4668-BE54-9A1E7A4F7556}") = "Services", "ZeroZone\Services\Services.csproj", "{8F117923-9A7F-4904-B369-FC4446119905}"
EndProject
Project("{2150E333-8FDC-42A3-9474-1A3956D46DE8}") = "RefKeyword", "RefKeyword", "{6E310DF2-E053-4C58-94E1-9B4A92E20DBD}"
EndProject
Project("{9A19103F-16F7-4668-BE54-9A1E7A4F7556}") = "RefKeyword", "General\RefKeyword\RefKeyword\RefKeyword.csproj", "{DE64D0CE-E4E4-4C0A-BCC9-3B57E62DBEDC}"
EndProject
Project("{2150E333-8FDC-42A3-9474-1A3956D46DE8}") = "YieldKeyword", "YieldKeyword", "{E9EEAA9E-1646-47D9-891A-D55B7801AE65}"
EndProject
Project("{9A19103F-16F7-4668-BE54-9A1E7A4F7556}") = "YieldWorking", "General\YieldWorking\YieldWorking\YieldWorking.csproj", "{39F4C086-603B-4F05-8929-8BE59C29A3FC}"
EndProject
Project("{2150E333-8FDC-42A3-9474-1A3956D46DE8}") = "ParamsKeyword", "ParamsKeyword", "{C8250CAA-66F9-4CA5-8DA6-7892B5290C97}"
EndProject
Project("{9A19103F-16F7-4668-BE54-9A1E7A4F7556}") = "ParamsKeyword", "General\ParamsKeyword\ParamsKeyword.csproj", "{6FBF88F5-BA12-412D-8800-0D0D18863949}"
EndProject
Project("{9A19103F-16F7-4668-BE54-9A1E7A4F7556}") = "Conversions", "General\Conversions\Conversions.csproj", "{F6DDE1FD-0DA1-42F6-BF38-3DB87290D644}"
EndProject
Project("{2150E333-8FDC-42A3-9474-1A3956D46DE8}") = "TypesConversions", "TypesConversions", "{CA0273A4-427D-47AC-A552-DC20508CA5CD}"
EndProject
Project("{9A19103F-16F7-4668-BE54-9A1E7A4F7556}") = "MVC_Controls", "WebMVC\MVC_Dropdowns\MVC_Controls.csproj", "{75ED8ECA-428F-4ABB-BBB8-BD943D042778}"
EndProject
Project("{9A19103F-16F7-4668-BE54-9A1E7A4F7556}") = "CtrlCPressToCancel", "Console\CtrlCPressToCancel\CtrlCPressToCancel.csproj", "{84EFF578-B6AE-4DB5-8717-AF827C7CB052}"
EndProject
Project("{9A19103F-16F7-4668-BE54-9A1E7A4F7556}") = "LanguageFeatures", "General\LanguageFeatures\LanguageFeatures.csproj", "{3AB0447B-4F50-4269-A4FC-E58B1B62C438}"
EndProject
Project("{2150E333-8FDC-42A3-9474-1A3956D46DE8}") = "DataGenerationWithFaker", "DataGenerationWithFaker", "{9F12320F-748E-4B37-85C7-058957AEBE3D}"
EndProject
Project("{9A19103F-16F7-4668-BE54-9A1E7A4F7556}") = "GenerateData", "Console\GenerateData\GenerateData.csproj", "{18EDE610-E443-4C5D-A95D-0B305380F2CA}"
EndProject
Project("{2150E333-8FDC-42A3-9474-1A3956D46DE8}") = "InterviewQuestions", "InterviewQuestions", "{97E1A582-DD73-404E-9A2B-CA2BC16D1C06}"
EndProject
Project("{9A19103F-16F7-4668-BE54-9A1E7A4F7556}") = "IQ_Console_Project", "InterviewQuestions\IQ_Console_Project\IQ_Console_Project.csproj", "{D7B02C7F-C879-4541-8556-986F5D8EE99E}"
EndProject
Project("{2150E333-8FDC-42A3-9474-1A3956D46DE8}") = "Libraries", "Libraries", "{E6BBFC2A-8C0E-462A-AF4D-3CBDA10D5BCC}"
EndProject
Project("{9A19103F-16F7-4668-BE54-9A1E7A4F7556}") = "ConsoleApp.Quartz", "Libraries\ConsoleApp.Quartz\ConsoleApp.Quartz.csproj", "{2EFFAA35-AE9B-403C-A91B-4C6F2F14C709}"
EndProject
Project("{2150E333-8FDC-42A3-9474-1A3956D46DE8}") = "DatabaseAccess", "DatabaseAccess", "{188C4AD7-4875-4806-8A85-3CA1830C34EB}"
EndProject
Project("{2150E333-8FDC-42A3-9474-1A3956D46DE8}") = "DapperOrm", "DapperOrm", "{A4BA42AF-73F4-4C4A-8920-86DC29DAEF17}"
EndProject
Project("{9A19103F-16F7-4668-BE54-9A1E7A4F7556}") = "Dapper.ConsoleApp", "DatabaseAccess\DapperORM\Dapper.ConsoleApp\Dapper.ConsoleApp.csproj", "{5F051432-3259-452C-B39D-936504662525}"
EndProject
Project("{FAE04EC0-301F-11D3-BF4B-00C04F79EFBC}") = "ConsoleApp.PdfPig", "Libraries\ConsoleApp.PdfPig\ConsoleApp.PdfPig.csproj", "{2E33EBD2-BCAC-4D30-B02E-1DD54857BA79}"
EndProject
Global
	GlobalSection(SolutionConfigurationPlatforms) = preSolution
		Debug|Any CPU = Debug|Any CPU
		Release|Any CPU = Release|Any CPU
	EndGlobalSection
	GlobalSection(ProjectConfigurationPlatforms) = postSolution
		{DB6A9882-5C13-464D-930B-668E5D2F57C1}.Debug|Any CPU.ActiveCfg = Debug|Any CPU
		{DB6A9882-5C13-464D-930B-668E5D2F57C1}.Debug|Any CPU.Build.0 = Debug|Any CPU
		{DB6A9882-5C13-464D-930B-668E5D2F57C1}.Release|Any CPU.ActiveCfg = Release|Any CPU
		{DB6A9882-5C13-464D-930B-668E5D2F57C1}.Release|Any CPU.Build.0 = Release|Any CPU
		{6CB37B73-D878-4093-AB7B-32015B4D1386}.Debug|Any CPU.ActiveCfg = Debug|Any CPU
		{6CB37B73-D878-4093-AB7B-32015B4D1386}.Debug|Any CPU.Build.0 = Debug|Any CPU
		{6CB37B73-D878-4093-AB7B-32015B4D1386}.Release|Any CPU.ActiveCfg = Release|Any CPU
		{6CB37B73-D878-4093-AB7B-32015B4D1386}.Release|Any CPU.Build.0 = Release|Any CPU
		{8F5AD62D-3825-45AD-859A-92531F7F5887}.Debug|Any CPU.ActiveCfg = Debug|Any CPU
		{8F5AD62D-3825-45AD-859A-92531F7F5887}.Debug|Any CPU.Build.0 = Debug|Any CPU
		{8F5AD62D-3825-45AD-859A-92531F7F5887}.Release|Any CPU.ActiveCfg = Release|Any CPU
		{8F5AD62D-3825-45AD-859A-92531F7F5887}.Release|Any CPU.Build.0 = Release|Any CPU
		{9C80495D-C3FE-42C7-B2B2-7B1837E88774}.Debug|Any CPU.ActiveCfg = Debug|Any CPU
		{9C80495D-C3FE-42C7-B2B2-7B1837E88774}.Debug|Any CPU.Build.0 = Debug|Any CPU
		{9C80495D-C3FE-42C7-B2B2-7B1837E88774}.Release|Any CPU.ActiveCfg = Release|Any CPU
		{9C80495D-C3FE-42C7-B2B2-7B1837E88774}.Release|Any CPU.Build.0 = Release|Any CPU
		{9DF18A39-CB50-4590-B0E1-B9BD1B92E710}.Debug|Any CPU.ActiveCfg = Debug|Any CPU
		{9DF18A39-CB50-4590-B0E1-B9BD1B92E710}.Debug|Any CPU.Build.0 = Debug|Any CPU
		{9DF18A39-CB50-4590-B0E1-B9BD1B92E710}.Release|Any CPU.ActiveCfg = Release|Any CPU
		{9DF18A39-CB50-4590-B0E1-B9BD1B92E710}.Release|Any CPU.Build.0 = Release|Any CPU
		{0DCD4D36-28DE-4575-B93F-6CE3A17C4C3F}.Debug|Any CPU.ActiveCfg = Debug|Any CPU
		{0DCD4D36-28DE-4575-B93F-6CE3A17C4C3F}.Debug|Any CPU.Build.0 = Debug|Any CPU
		{0DCD4D36-28DE-4575-B93F-6CE3A17C4C3F}.Release|Any CPU.ActiveCfg = Release|Any CPU
		{0DCD4D36-28DE-4575-B93F-6CE3A17C4C3F}.Release|Any CPU.Build.0 = Release|Any CPU
		{22F6D71F-3B8F-48AC-BFAD-E46616CF9F5C}.Debug|Any CPU.ActiveCfg = Debug|Any CPU
		{22F6D71F-3B8F-48AC-BFAD-E46616CF9F5C}.Debug|Any CPU.Build.0 = Debug|Any CPU
		{22F6D71F-3B8F-48AC-BFAD-E46616CF9F5C}.Release|Any CPU.ActiveCfg = Release|Any CPU
		{22F6D71F-3B8F-48AC-BFAD-E46616CF9F5C}.Release|Any CPU.Build.0 = Release|Any CPU
		{4B58BF37-4EA0-4C3B-B2DD-E12AD45D5FFD}.Debug|Any CPU.ActiveCfg = Debug|Any CPU
		{4B58BF37-4EA0-4C3B-B2DD-E12AD45D5FFD}.Debug|Any CPU.Build.0 = Debug|Any CPU
		{4B58BF37-4EA0-4C3B-B2DD-E12AD45D5FFD}.Release|Any CPU.ActiveCfg = Release|Any CPU
		{4B58BF37-4EA0-4C3B-B2DD-E12AD45D5FFD}.Release|Any CPU.Build.0 = Release|Any CPU
		{80EB970B-D9B5-4AD5-AE55-7DC5FAF54F24}.Debug|Any CPU.ActiveCfg = Debug|Any CPU
		{80EB970B-D9B5-4AD5-AE55-7DC5FAF54F24}.Debug|Any CPU.Build.0 = Debug|Any CPU
		{80EB970B-D9B5-4AD5-AE55-7DC5FAF54F24}.Release|Any CPU.ActiveCfg = Release|Any CPU
		{80EB970B-D9B5-4AD5-AE55-7DC5FAF54F24}.Release|Any CPU.Build.0 = Release|Any CPU
		{CDFB6861-0C7B-48C5-AB7B-A03F1498F9F7}.Debug|Any CPU.ActiveCfg = Debug|Any CPU
		{CDFB6861-0C7B-48C5-AB7B-A03F1498F9F7}.Debug|Any CPU.Build.0 = Debug|Any CPU
		{CDFB6861-0C7B-48C5-AB7B-A03F1498F9F7}.Release|Any CPU.ActiveCfg = Release|Any CPU
		{CDFB6861-0C7B-48C5-AB7B-A03F1498F9F7}.Release|Any CPU.Build.0 = Release|Any CPU
		{C733BFF8-A8DE-4B27-980D-129C845DDB8D}.Debug|Any CPU.ActiveCfg = Debug|Any CPU
		{C733BFF8-A8DE-4B27-980D-129C845DDB8D}.Debug|Any CPU.Build.0 = Debug|Any CPU
		{C733BFF8-A8DE-4B27-980D-129C845DDB8D}.Release|Any CPU.ActiveCfg = Release|Any CPU
		{C733BFF8-A8DE-4B27-980D-129C845DDB8D}.Release|Any CPU.Build.0 = Release|Any CPU
		{82F7C887-A3BA-4F4F-A2A4-B39E62C7DF34}.Debug|Any CPU.ActiveCfg = Debug|Any CPU
		{82F7C887-A3BA-4F4F-A2A4-B39E62C7DF34}.Debug|Any CPU.Build.0 = Debug|Any CPU
		{82F7C887-A3BA-4F4F-A2A4-B39E62C7DF34}.Release|Any CPU.ActiveCfg = Release|Any CPU
		{82F7C887-A3BA-4F4F-A2A4-B39E62C7DF34}.Release|Any CPU.Build.0 = Release|Any CPU
		{9C688430-9887-4BF5-91DC-8F2FE06ECD0A}.Debug|Any CPU.ActiveCfg = Debug|Any CPU
		{9C688430-9887-4BF5-91DC-8F2FE06ECD0A}.Debug|Any CPU.Build.0 = Debug|Any CPU
		{9C688430-9887-4BF5-91DC-8F2FE06ECD0A}.Release|Any CPU.ActiveCfg = Release|Any CPU
		{9C688430-9887-4BF5-91DC-8F2FE06ECD0A}.Release|Any CPU.Build.0 = Release|Any CPU
		{43B61909-236A-427C-9D0B-32A67D26A19F}.Debug|Any CPU.ActiveCfg = Debug|Any CPU
		{43B61909-236A-427C-9D0B-32A67D26A19F}.Debug|Any CPU.Build.0 = Debug|Any CPU
		{43B61909-236A-427C-9D0B-32A67D26A19F}.Release|Any CPU.ActiveCfg = Release|Any CPU
		{43B61909-236A-427C-9D0B-32A67D26A19F}.Release|Any CPU.Build.0 = Release|Any CPU
		{49DC8DB1-C4C3-44CD-B8F3-0964A96540A6}.Debug|Any CPU.ActiveCfg = Debug|Any CPU
		{49DC8DB1-C4C3-44CD-B8F3-0964A96540A6}.Debug|Any CPU.Build.0 = Debug|Any CPU
		{49DC8DB1-C4C3-44CD-B8F3-0964A96540A6}.Release|Any CPU.ActiveCfg = Release|Any CPU
		{49DC8DB1-C4C3-44CD-B8F3-0964A96540A6}.Release|Any CPU.Build.0 = Release|Any CPU
		{50AD3907-7C95-41D5-9A55-FD37927404F3}.Debug|Any CPU.ActiveCfg = Debug|Any CPU
		{50AD3907-7C95-41D5-9A55-FD37927404F3}.Debug|Any CPU.Build.0 = Debug|Any CPU
		{50AD3907-7C95-41D5-9A55-FD37927404F3}.Release|Any CPU.ActiveCfg = Release|Any CPU
		{50AD3907-7C95-41D5-9A55-FD37927404F3}.Release|Any CPU.Build.0 = Release|Any CPU
		{1FE1B28E-BC1F-4772-98D6-F49E7E1A33A7}.Debug|Any CPU.ActiveCfg = Debug|Any CPU
		{1FE1B28E-BC1F-4772-98D6-F49E7E1A33A7}.Debug|Any CPU.Build.0 = Debug|Any CPU
		{1FE1B28E-BC1F-4772-98D6-F49E7E1A33A7}.Release|Any CPU.ActiveCfg = Release|Any CPU
		{1FE1B28E-BC1F-4772-98D6-F49E7E1A33A7}.Release|Any CPU.Build.0 = Release|Any CPU
		{BBE1DDDD-EF9B-4417-8B8E-40E9A8AB3928}.Debug|Any CPU.ActiveCfg = Debug|Any CPU
		{BBE1DDDD-EF9B-4417-8B8E-40E9A8AB3928}.Debug|Any CPU.Build.0 = Debug|Any CPU
		{BBE1DDDD-EF9B-4417-8B8E-40E9A8AB3928}.Release|Any CPU.ActiveCfg = Release|Any CPU
		{BBE1DDDD-EF9B-4417-8B8E-40E9A8AB3928}.Release|Any CPU.Build.0 = Release|Any CPU
		{62EC2A50-567B-4B6B-A39C-5E1EC8936178}.Debug|Any CPU.ActiveCfg = Debug|Any CPU
		{62EC2A50-567B-4B6B-A39C-5E1EC8936178}.Debug|Any CPU.Build.0 = Debug|Any CPU
		{62EC2A50-567B-4B6B-A39C-5E1EC8936178}.Release|Any CPU.ActiveCfg = Release|Any CPU
		{62EC2A50-567B-4B6B-A39C-5E1EC8936178}.Release|Any CPU.Build.0 = Release|Any CPU
		{9B06B64E-58E0-4926-84B1-6E721F76CAC9}.Debug|Any CPU.ActiveCfg = Debug|Any CPU
		{9B06B64E-58E0-4926-84B1-6E721F76CAC9}.Debug|Any CPU.Build.0 = Debug|Any CPU
		{9B06B64E-58E0-4926-84B1-6E721F76CAC9}.Release|Any CPU.ActiveCfg = Release|Any CPU
		{9B06B64E-58E0-4926-84B1-6E721F76CAC9}.Release|Any CPU.Build.0 = Release|Any CPU
		{9803C132-AF82-49AE-A268-5F5B05B6517D}.Debug|Any CPU.ActiveCfg = Debug|Any CPU
		{9803C132-AF82-49AE-A268-5F5B05B6517D}.Debug|Any CPU.Build.0 = Debug|Any CPU
		{9803C132-AF82-49AE-A268-5F5B05B6517D}.Release|Any CPU.ActiveCfg = Release|Any CPU
		{9803C132-AF82-49AE-A268-5F5B05B6517D}.Release|Any CPU.Build.0 = Release|Any CPU
		{7F43EF33-5350-489A-9AA1-5EAA195C1BD1}.Debug|Any CPU.ActiveCfg = Debug|Any CPU
		{7F43EF33-5350-489A-9AA1-5EAA195C1BD1}.Debug|Any CPU.Build.0 = Debug|Any CPU
		{7F43EF33-5350-489A-9AA1-5EAA195C1BD1}.Release|Any CPU.ActiveCfg = Release|Any CPU
		{7F43EF33-5350-489A-9AA1-5EAA195C1BD1}.Release|Any CPU.Build.0 = Release|Any CPU
		{241CB4AB-C697-4EBA-8CF5-1B1D2AFD5AFF}.Debug|Any CPU.ActiveCfg = Debug|Any CPU
		{241CB4AB-C697-4EBA-8CF5-1B1D2AFD5AFF}.Debug|Any CPU.Build.0 = Debug|Any CPU
		{241CB4AB-C697-4EBA-8CF5-1B1D2AFD5AFF}.Release|Any CPU.ActiveCfg = Release|Any CPU
		{241CB4AB-C697-4EBA-8CF5-1B1D2AFD5AFF}.Release|Any CPU.Build.0 = Release|Any CPU
		{641B8DED-5930-4221-9FEA-9DED7DAC3728}.Debug|Any CPU.ActiveCfg = Debug|Any CPU
		{641B8DED-5930-4221-9FEA-9DED7DAC3728}.Debug|Any CPU.Build.0 = Debug|Any CPU
		{641B8DED-5930-4221-9FEA-9DED7DAC3728}.Release|Any CPU.ActiveCfg = Release|Any CPU
		{641B8DED-5930-4221-9FEA-9DED7DAC3728}.Release|Any CPU.Build.0 = Release|Any CPU
		{F9B1F242-6AC5-4463-A116-FE33CF1B8A19}.Debug|Any CPU.ActiveCfg = Debug|Any CPU
		{F9B1F242-6AC5-4463-A116-FE33CF1B8A19}.Debug|Any CPU.Build.0 = Debug|Any CPU
		{F9B1F242-6AC5-4463-A116-FE33CF1B8A19}.Release|Any CPU.ActiveCfg = Release|Any CPU
		{F9B1F242-6AC5-4463-A116-FE33CF1B8A19}.Release|Any CPU.Build.0 = Release|Any CPU
		{3294AAB0-E1B3-4C7E-8BC1-F7DA34ABC09B}.Debug|Any CPU.ActiveCfg = Debug|Any CPU
		{3294AAB0-E1B3-4C7E-8BC1-F7DA34ABC09B}.Debug|Any CPU.Build.0 = Debug|Any CPU
		{3294AAB0-E1B3-4C7E-8BC1-F7DA34ABC09B}.Release|Any CPU.ActiveCfg = Release|Any CPU
		{3294AAB0-E1B3-4C7E-8BC1-F7DA34ABC09B}.Release|Any CPU.Build.0 = Release|Any CPU
		{4BE198DD-ECA6-40E5-9FA8-F91670C83764}.Debug|Any CPU.ActiveCfg = Debug|Any CPU
		{4BE198DD-ECA6-40E5-9FA8-F91670C83764}.Debug|Any CPU.Build.0 = Debug|Any CPU
		{4BE198DD-ECA6-40E5-9FA8-F91670C83764}.Release|Any CPU.ActiveCfg = Release|Any CPU
		{4BE198DD-ECA6-40E5-9FA8-F91670C83764}.Release|Any CPU.Build.0 = Release|Any CPU
		{8F117923-9A7F-4904-B369-FC4446119905}.Debug|Any CPU.ActiveCfg = Debug|Any CPU
		{8F117923-9A7F-4904-B369-FC4446119905}.Debug|Any CPU.Build.0 = Debug|Any CPU
		{8F117923-9A7F-4904-B369-FC4446119905}.Release|Any CPU.ActiveCfg = Release|Any CPU
		{8F117923-9A7F-4904-B369-FC4446119905}.Release|Any CPU.Build.0 = Release|Any CPU
		{DE64D0CE-E4E4-4C0A-BCC9-3B57E62DBEDC}.Debug|Any CPU.ActiveCfg = Debug|Any CPU
		{DE64D0CE-E4E4-4C0A-BCC9-3B57E62DBEDC}.Debug|Any CPU.Build.0 = Debug|Any CPU
		{DE64D0CE-E4E4-4C0A-BCC9-3B57E62DBEDC}.Release|Any CPU.ActiveCfg = Release|Any CPU
		{DE64D0CE-E4E4-4C0A-BCC9-3B57E62DBEDC}.Release|Any CPU.Build.0 = Release|Any CPU
		{39F4C086-603B-4F05-8929-8BE59C29A3FC}.Debug|Any CPU.ActiveCfg = Debug|Any CPU
		{39F4C086-603B-4F05-8929-8BE59C29A3FC}.Debug|Any CPU.Build.0 = Debug|Any CPU
		{39F4C086-603B-4F05-8929-8BE59C29A3FC}.Release|Any CPU.ActiveCfg = Release|Any CPU
		{39F4C086-603B-4F05-8929-8BE59C29A3FC}.Release|Any CPU.Build.0 = Release|Any CPU
		{6FBF88F5-BA12-412D-8800-0D0D18863949}.Debug|Any CPU.ActiveCfg = Debug|Any CPU
		{6FBF88F5-BA12-412D-8800-0D0D18863949}.Debug|Any CPU.Build.0 = Debug|Any CPU
		{6FBF88F5-BA12-412D-8800-0D0D18863949}.Release|Any CPU.ActiveCfg = Release|Any CPU
		{6FBF88F5-BA12-412D-8800-0D0D18863949}.Release|Any CPU.Build.0 = Release|Any CPU
		{F6DDE1FD-0DA1-42F6-BF38-3DB87290D644}.Debug|Any CPU.ActiveCfg = Debug|Any CPU
		{F6DDE1FD-0DA1-42F6-BF38-3DB87290D644}.Debug|Any CPU.Build.0 = Debug|Any CPU
		{F6DDE1FD-0DA1-42F6-BF38-3DB87290D644}.Release|Any CPU.ActiveCfg = Release|Any CPU
		{F6DDE1FD-0DA1-42F6-BF38-3DB87290D644}.Release|Any CPU.Build.0 = Release|Any CPU
		{75ED8ECA-428F-4ABB-BBB8-BD943D042778}.Debug|Any CPU.ActiveCfg = Debug|Any CPU
		{75ED8ECA-428F-4ABB-BBB8-BD943D042778}.Debug|Any CPU.Build.0 = Debug|Any CPU
		{75ED8ECA-428F-4ABB-BBB8-BD943D042778}.Release|Any CPU.ActiveCfg = Release|Any CPU
		{75ED8ECA-428F-4ABB-BBB8-BD943D042778}.Release|Any CPU.Build.0 = Release|Any CPU
		{84EFF578-B6AE-4DB5-8717-AF827C7CB052}.Debug|Any CPU.ActiveCfg = Debug|Any CPU
		{84EFF578-B6AE-4DB5-8717-AF827C7CB052}.Debug|Any CPU.Build.0 = Debug|Any CPU
		{84EFF578-B6AE-4DB5-8717-AF827C7CB052}.Release|Any CPU.ActiveCfg = Release|Any CPU
		{84EFF578-B6AE-4DB5-8717-AF827C7CB052}.Release|Any CPU.Build.0 = Release|Any CPU
		{3AB0447B-4F50-4269-A4FC-E58B1B62C438}.Debug|Any CPU.ActiveCfg = Debug|Any CPU
		{3AB0447B-4F50-4269-A4FC-E58B1B62C438}.Debug|Any CPU.Build.0 = Debug|Any CPU
		{3AB0447B-4F50-4269-A4FC-E58B1B62C438}.Release|Any CPU.ActiveCfg = Release|Any CPU
		{3AB0447B-4F50-4269-A4FC-E58B1B62C438}.Release|Any CPU.Build.0 = Release|Any CPU
		{18EDE610-E443-4C5D-A95D-0B305380F2CA}.Debug|Any CPU.ActiveCfg = Debug|Any CPU
		{18EDE610-E443-4C5D-A95D-0B305380F2CA}.Debug|Any CPU.Build.0 = Debug|Any CPU
		{18EDE610-E443-4C5D-A95D-0B305380F2CA}.Release|Any CPU.ActiveCfg = Release|Any CPU
		{18EDE610-E443-4C5D-A95D-0B305380F2CA}.Release|Any CPU.Build.0 = Release|Any CPU
		{D7B02C7F-C879-4541-8556-986F5D8EE99E}.Debug|Any CPU.ActiveCfg = Debug|Any CPU
		{D7B02C7F-C879-4541-8556-986F5D8EE99E}.Debug|Any CPU.Build.0 = Debug|Any CPU
		{D7B02C7F-C879-4541-8556-986F5D8EE99E}.Release|Any CPU.ActiveCfg = Release|Any CPU
		{D7B02C7F-C879-4541-8556-986F5D8EE99E}.Release|Any CPU.Build.0 = Release|Any CPU
		{2EFFAA35-AE9B-403C-A91B-4C6F2F14C709}.Debug|Any CPU.ActiveCfg = Debug|Any CPU
		{2EFFAA35-AE9B-403C-A91B-4C6F2F14C709}.Debug|Any CPU.Build.0 = Debug|Any CPU
		{2EFFAA35-AE9B-403C-A91B-4C6F2F14C709}.Release|Any CPU.ActiveCfg = Release|Any CPU
		{2EFFAA35-AE9B-403C-A91B-4C6F2F14C709}.Release|Any CPU.Build.0 = Release|Any CPU
		{5F051432-3259-452C-B39D-936504662525}.Debug|Any CPU.ActiveCfg = Debug|Any CPU
		{5F051432-3259-452C-B39D-936504662525}.Debug|Any CPU.Build.0 = Debug|Any CPU
		{5F051432-3259-452C-B39D-936504662525}.Release|Any CPU.ActiveCfg = Release|Any CPU
		{5F051432-3259-452C-B39D-936504662525}.Release|Any CPU.Build.0 = Release|Any CPU
		{2E33EBD2-BCAC-4D30-B02E-1DD54857BA79}.Debug|Any CPU.ActiveCfg = Debug|Any CPU
		{2E33EBD2-BCAC-4D30-B02E-1DD54857BA79}.Debug|Any CPU.Build.0 = Debug|Any CPU
		{2E33EBD2-BCAC-4D30-B02E-1DD54857BA79}.Release|Any CPU.ActiveCfg = Release|Any CPU
		{2E33EBD2-BCAC-4D30-B02E-1DD54857BA79}.Release|Any CPU.Build.0 = Release|Any CPU
	EndGlobalSection
	GlobalSection(SolutionProperties) = preSolution
		HideSolutionNode = FALSE
	EndGlobalSection
	GlobalSection(NestedProjects) = preSolution
		{DB6A9882-5C13-464D-930B-668E5D2F57C1} = {A87594B1-7D93-4D49-AE75-9FFEC5D0BC67}
		{6CB37B73-D878-4093-AB7B-32015B4D1386} = {A87594B1-7D93-4D49-AE75-9FFEC5D0BC67}
		{6A258C8B-62DA-40BB-85E9-3DDDEC843500} = {E435A1D2-6499-4A0C-BC97-1E64B24017A8}
		{8F5AD62D-3825-45AD-859A-92531F7F5887} = {6A258C8B-62DA-40BB-85E9-3DDDEC843500}
		{76526969-FD2B-43E0-B353-E26C6EBCFDE9} = {E435A1D2-6499-4A0C-BC97-1E64B24017A8}
		{9C80495D-C3FE-42C7-B2B2-7B1837E88774} = {76526969-FD2B-43E0-B353-E26C6EBCFDE9}
		{4C748011-5B87-4541-BF14-E334FFCA005B} = {E435A1D2-6499-4A0C-BC97-1E64B24017A8}
		{9DF18A39-CB50-4590-B0E1-B9BD1B92E710} = {4C748011-5B87-4541-BF14-E334FFCA005B}
		{3A213784-7E11-4DB9-A512-0C6DDD2DE726} = {E435A1D2-6499-4A0C-BC97-1E64B24017A8}
		{0DCD4D36-28DE-4575-B93F-6CE3A17C4C3F} = {3A213784-7E11-4DB9-A512-0C6DDD2DE726}
		{A87594B1-7D93-4D49-AE75-9FFEC5D0BC67} = {E435A1D2-6499-4A0C-BC97-1E64B24017A8}
		{3DFF7B17-7421-4F1C-B8FB-5D4959C6E8CE} = {E435A1D2-6499-4A0C-BC97-1E64B24017A8}
		{22F6D71F-3B8F-48AC-BFAD-E46616CF9F5C} = {3DFF7B17-7421-4F1C-B8FB-5D4959C6E8CE}
		{6994D754-B1F4-4485-BE10-82BF133EF29C} = {E435A1D2-6499-4A0C-BC97-1E64B24017A8}
		{4B58BF37-4EA0-4C3B-B2DD-E12AD45D5FFD} = {6994D754-B1F4-4485-BE10-82BF133EF29C}
		{E073AE9A-1888-409D-AE42-CC10EB5B98C2} = {E435A1D2-6499-4A0C-BC97-1E64B24017A8}
		{80EB970B-D9B5-4AD5-AE55-7DC5FAF54F24} = {E073AE9A-1888-409D-AE42-CC10EB5B98C2}
		{F82794D3-DE57-493C-AA58-1BAB20C46E94} = {E435A1D2-6499-4A0C-BC97-1E64B24017A8}
		{CDFB6861-0C7B-48C5-AB7B-A03F1498F9F7} = {F82794D3-DE57-493C-AA58-1BAB20C46E94}
		{083F85C8-F164-46C3-8188-E11B29F5CB4E} = {E435A1D2-6499-4A0C-BC97-1E64B24017A8}
		{C733BFF8-A8DE-4B27-980D-129C845DDB8D} = {083F85C8-F164-46C3-8188-E11B29F5CB4E}
		{1CC1CF67-D4EA-4FCE-9781-24218294381D} = {E435A1D2-6499-4A0C-BC97-1E64B24017A8}
		{82F7C887-A3BA-4F4F-A2A4-B39E62C7DF34} = {1CC1CF67-D4EA-4FCE-9781-24218294381D}
		{9C688430-9887-4BF5-91DC-8F2FE06ECD0A} = {1CC1CF67-D4EA-4FCE-9781-24218294381D}
		{ECF31E34-A886-402F-A385-0D161B42BFE5} = {E435A1D2-6499-4A0C-BC97-1E64B24017A8}
		{43B61909-236A-427C-9D0B-32A67D26A19F} = {ECF31E34-A886-402F-A385-0D161B42BFE5}
		{AD8ADC35-5FD4-47FC-89BD-92D706D09B5C} = {E435A1D2-6499-4A0C-BC97-1E64B24017A8}
		{49DC8DB1-C4C3-44CD-B8F3-0964A96540A6} = {AD8ADC35-5FD4-47FC-89BD-92D706D09B5C}
		{33265EDD-2A16-4D8A-B537-5CC2A42B1FE6} = {E435A1D2-6499-4A0C-BC97-1E64B24017A8}
		{50AD3907-7C95-41D5-9A55-FD37927404F3} = {33265EDD-2A16-4D8A-B537-5CC2A42B1FE6}
		{DA2139BA-6781-4B62-A935-628CC43EBBB2} = {E435A1D2-6499-4A0C-BC97-1E64B24017A8}
		{1FE1B28E-BC1F-4772-98D6-F49E7E1A33A7} = {DA2139BA-6781-4B62-A935-628CC43EBBB2}
		{5641A592-2ED6-4159-81C9-91A85B401BED} = {E435A1D2-6499-4A0C-BC97-1E64B24017A8}
		{BBE1DDDD-EF9B-4417-8B8E-40E9A8AB3928} = {5641A592-2ED6-4159-81C9-91A85B401BED}
		{9E1A7393-C3D9-4A83-8CDD-69B14DD4F4A9} = {E435A1D2-6499-4A0C-BC97-1E64B24017A8}
		{62EC2A50-567B-4B6B-A39C-5E1EC8936178} = {9E1A7393-C3D9-4A83-8CDD-69B14DD4F4A9}
		{1CF47173-BEFE-4A53-84FB-427588B941D4} = {E435A1D2-6499-4A0C-BC97-1E64B24017A8}
		{9B06B64E-58E0-4926-84B1-6E721F76CAC9} = {1CF47173-BEFE-4A53-84FB-427588B941D4}
		{6E4A6897-0F27-4E2A-8A73-FC43643159D5} = {E435A1D2-6499-4A0C-BC97-1E64B24017A8}
		{9803C132-AF82-49AE-A268-5F5B05B6517D} = {6E4A6897-0F27-4E2A-8A73-FC43643159D5}
		{4D0E3250-0193-43BF-98F7-4F0119213F49} = {E435A1D2-6499-4A0C-BC97-1E64B24017A8}
		{7F43EF33-5350-489A-9AA1-5EAA195C1BD1} = {4D0E3250-0193-43BF-98F7-4F0119213F49}
		{241CB4AB-C697-4EBA-8CF5-1B1D2AFD5AFF} = {64B84555-4DD0-4CCE-8632-3F6A4F80448F}
		{A7709650-F9A3-4773-90D1-FEBBEB0D70D1} = {E435A1D2-6499-4A0C-BC97-1E64B24017A8}
		{641B8DED-5930-4221-9FEA-9DED7DAC3728} = {A7709650-F9A3-4773-90D1-FEBBEB0D70D1}
		{F9B1F242-6AC5-4463-A116-FE33CF1B8A19} = {94856150-255D-43F7-A1FC-F6E3ED5FEE45}
		{3294AAB0-E1B3-4C7E-8BC1-F7DA34ABC09B} = {22B3354F-3BF1-4922-8D85-51B6F2688D55}
		{4BE198DD-ECA6-40E5-9FA8-F91670C83764} = {3FD046B0-C208-43AD-9CEC-461A3B83C19F}
		{8F117923-9A7F-4904-B369-FC4446119905} = {3FD046B0-C208-43AD-9CEC-461A3B83C19F}
		{6E310DF2-E053-4C58-94E1-9B4A92E20DBD} = {E435A1D2-6499-4A0C-BC97-1E64B24017A8}
		{DE64D0CE-E4E4-4C0A-BCC9-3B57E62DBEDC} = {6E310DF2-E053-4C58-94E1-9B4A92E20DBD}
		{E9EEAA9E-1646-47D9-891A-D55B7801AE65} = {E435A1D2-6499-4A0C-BC97-1E64B24017A8}
		{39F4C086-603B-4F05-8929-8BE59C29A3FC} = {E9EEAA9E-1646-47D9-891A-D55B7801AE65}
		{C8250CAA-66F9-4CA5-8DA6-7892B5290C97} = {E435A1D2-6499-4A0C-BC97-1E64B24017A8}
		{6FBF88F5-BA12-412D-8800-0D0D18863949} = {C8250CAA-66F9-4CA5-8DA6-7892B5290C97}
		{F6DDE1FD-0DA1-42F6-BF38-3DB87290D644} = {CA0273A4-427D-47AC-A552-DC20508CA5CD}
		{CA0273A4-427D-47AC-A552-DC20508CA5CD} = {E435A1D2-6499-4A0C-BC97-1E64B24017A8}
		{75ED8ECA-428F-4ABB-BBB8-BD943D042778} = {14E30576-6758-4C8D-B3EA-32484438FE4B}
		{84EFF578-B6AE-4DB5-8717-AF827C7CB052} = {94856150-255D-43F7-A1FC-F6E3ED5FEE45}
		{3AB0447B-4F50-4269-A4FC-E58B1B62C438} = {E435A1D2-6499-4A0C-BC97-1E64B24017A8}
		{9F12320F-748E-4B37-85C7-058957AEBE3D} = {94856150-255D-43F7-A1FC-F6E3ED5FEE45}
		{18EDE610-E443-4C5D-A95D-0B305380F2CA} = {9F12320F-748E-4B37-85C7-058957AEBE3D}
		{D7B02C7F-C879-4541-8556-986F5D8EE99E} = {97E1A582-DD73-404E-9A2B-CA2BC16D1C06}
		{2EFFAA35-AE9B-403C-A91B-4C6F2F14C709} = {E6BBFC2A-8C0E-462A-AF4D-3CBDA10D5BCC}
		{A4BA42AF-73F4-4C4A-8920-86DC29DAEF17} = {188C4AD7-4875-4806-8A85-3CA1830C34EB}
		{5F051432-3259-452C-B39D-936504662525} = {A4BA42AF-73F4-4C4A-8920-86DC29DAEF17}
		{2E33EBD2-BCAC-4D30-B02E-1DD54857BA79} = {E6BBFC2A-8C0E-462A-AF4D-3CBDA10D5BCC}
	EndGlobalSection
	GlobalSection(ExtensibilityGlobals) = postSolution
		SolutionGuid = {B9239E59-720F-4EB7-AB8E-A5A1D277D0AB}
	EndGlobalSection
EndGlobal
