
Microsoft Visual Studio Solution File, Format Version 12.00
# Visual Studio Version 17
VisualStudioVersion = 17.3.32825.248
MinimumVisualStudioVersion = 10.0.40219.1
Project("{9A19103F-16F7-4668-BE54-9A1E7A4F7556}") = "ConsoleApp1", "ConsoleApp1\ConsoleApp1.csproj", "{DB6A9882-5C13-464D-930B-668E5D2F57C1}"
EndProject
Project("{9A19103F-16F7-4668-BE54-9A1E7A4F7556}") = "MyConsoleLibrary", "MyConsoleLibrary\MyConsoleLibrary.csproj", "{6CB37B73-D878-4093-AB7B-32015B4D1386}"
EndProject
Project("{2150E333-8FDC-42A3-9474-1A3956D46DE8}") = "03-Variables_Constant_ReadOnly", "03-Variables_Constant_ReadOnly", "{6A258C8B-62DA-40BB-85E9-3DDDEC843500}"
EndProject
Project("{9A19103F-16F7-4668-BE54-9A1E7A4F7556}") = "03_VCR", "03-Variables_Constant_ReadOnly\03_VCR\03_VCR.csproj", "{8F5AD62D-3825-45AD-859A-92531F7F5887}"
EndProject
Project("{2150E333-8FDC-42A3-9474-1A3956D46DE8}") = "04-Variables_float_vs_double_decimal", "04-Variables_float_vs_double_decimal", "{76526969-FD2B-43E0-B353-E26C6EBCFDE9}"
EndProject
Project("{9A19103F-16F7-4668-BE54-9A1E7A4F7556}") = "04_FDD", "04-Variables_float_double_decimal\04_FDD\04_FDD.csproj", "{9C80495D-C3FE-42C7-B2B2-7B1837E88774}"
EndProject
Project("{2150E333-8FDC-42A3-9474-1A3956D46DE8}") = "05-Take_User_input_ConsoleApp", "05-Take_User_input_ConsoleApp", "{4C748011-5B87-4541-BF14-E334FFCA005B}"
EndProject
Project("{9A19103F-16F7-4668-BE54-9A1E7A4F7556}") = "TakeUserInput", "05-Take_User_input_ConsoleApp\TakeUserInput\TakeUserInput.csproj", "{9DF18A39-CB50-4590-B0E1-B9BD1B92E710}"
EndProject
Project("{2150E333-8FDC-42A3-9474-1A3956D46DE8}") = "06- Methods_introduction", "06- Methods_introduction", "{3A213784-7E11-4DB9-A512-0C6DDD2DE726}"
EndProject
Project("{9A19103F-16F7-4668-BE54-9A1E7A4F7556}") = "Methods_introduction", "06- Methods_introduction\Methods_introduction\Methods_introduction.csproj", "{0DCD4D36-28DE-4575-B93F-6CE3A17C4C3F}"
EndProject
Project("{2150E333-8FDC-42A3-9474-1A3956D46DE8}") = "02-Access_Modifiers", "02-Access_Modifiers", "{A87594B1-7D93-4D49-AE75-9FFEC5D0BC67}"
EndProject
Project("{2150E333-8FDC-42A3-9474-1A3956D46DE8}") = "07-Types_Of_Methods", "07-Types_Of_Methods", "{3DFF7B17-7421-4F1C-B8FB-5D4959C6E8CE}"
EndProject
Project("{9A19103F-16F7-4668-BE54-9A1E7A4F7556}") = "TypesOfMethods", "07-Types_Of_Methods\TypesOfMethods\TypesOfMethods.csproj", "{22F6D71F-3B8F-48AC-BFAD-E46616CF9F5C}"
EndProject
Project("{2150E333-8FDC-42A3-9474-1A3956D46DE8}") = "08-Debug_a_program", "08-Debug_a_program", "{6994D754-B1F4-4485-BE10-82BF133EF29C}"
EndProject
Project("{FAE04EC0-301F-11D3-BF4B-00C04F79EFBC}") = "Debug_A_Program", "08-Debug_A_Program\Debug_A_Program\Debug_A_Program.csproj", "{4B58BF37-4EA0-4C3B-B2DD-E12AD45D5FFD}"
EndProject
Project("{2150E333-8FDC-42A3-9474-1A3956D46DE8}") = "09-Extension_Methods", "09-Extension_Methods", "{E073AE9A-1888-409D-AE42-CC10EB5B98C2}"
EndProject
Project("{FAE04EC0-301F-11D3-BF4B-00C04F79EFBC}") = "ExtensionMethods", "09-Extension_Methods\ExtensionMethods\ExtensionMethods.csproj", "{80EB970B-D9B5-4AD5-AE55-7DC5FAF54F24}"
EndProject
Global
	GlobalSection(SolutionConfigurationPlatforms) = preSolution
		Debug|Any CPU = Debug|Any CPU
		Release|Any CPU = Release|Any CPU
	EndGlobalSection
	GlobalSection(ProjectConfigurationPlatforms) = postSolution
		{DB6A9882-5C13-464D-930B-668E5D2F57C1}.Debug|Any CPU.ActiveCfg = Debug|Any CPU
		{DB6A9882-5C13-464D-930B-668E5D2F57C1}.Debug|Any CPU.Build.0 = Debug|Any CPU
		{DB6A9882-5C13-464D-930B-668E5D2F57C1}.Release|Any CPU.ActiveCfg = Release|Any CPU
		{DB6A9882-5C13-464D-930B-668E5D2F57C1}.Release|Any CPU.Build.0 = Release|Any CPU
		{6CB37B73-D878-4093-AB7B-32015B4D1386}.Debug|Any CPU.ActiveCfg = Debug|Any CPU
		{6CB37B73-D878-4093-AB7B-32015B4D1386}.Debug|Any CPU.Build.0 = Debug|Any CPU
		{6CB37B73-D878-4093-AB7B-32015B4D1386}.Release|Any CPU.ActiveCfg = Release|Any CPU
		{6CB37B73-D878-4093-AB7B-32015B4D1386}.Release|Any CPU.Build.0 = Release|Any CPU
		{8F5AD62D-3825-45AD-859A-92531F7F5887}.Debug|Any CPU.ActiveCfg = Debug|Any CPU
		{8F5AD62D-3825-45AD-859A-92531F7F5887}.Debug|Any CPU.Build.0 = Debug|Any CPU
		{8F5AD62D-3825-45AD-859A-92531F7F5887}.Release|Any CPU.ActiveCfg = Release|Any CPU
		{8F5AD62D-3825-45AD-859A-92531F7F5887}.Release|Any CPU.Build.0 = Release|Any CPU
		{9C80495D-C3FE-42C7-B2B2-7B1837E88774}.Debug|Any CPU.ActiveCfg = Debug|Any CPU
		{9C80495D-C3FE-42C7-B2B2-7B1837E88774}.Debug|Any CPU.Build.0 = Debug|Any CPU
		{9C80495D-C3FE-42C7-B2B2-7B1837E88774}.Release|Any CPU.ActiveCfg = Release|Any CPU
		{9C80495D-C3FE-42C7-B2B2-7B1837E88774}.Release|Any CPU.Build.0 = Release|Any CPU
		{9DF18A39-CB50-4590-B0E1-B9BD1B92E710}.Debug|Any CPU.ActiveCfg = Debug|Any CPU
		{9DF18A39-CB50-4590-B0E1-B9BD1B92E710}.Debug|Any CPU.Build.0 = Debug|Any CPU
		{9DF18A39-CB50-4590-B0E1-B9BD1B92E710}.Release|Any CPU.ActiveCfg = Release|Any CPU
		{9DF18A39-CB50-4590-B0E1-B9BD1B92E710}.Release|Any CPU.Build.0 = Release|Any CPU
		{0DCD4D36-28DE-4575-B93F-6CE3A17C4C3F}.Debug|Any CPU.ActiveCfg = Debug|Any CPU
		{0DCD4D36-28DE-4575-B93F-6CE3A17C4C3F}.Debug|Any CPU.Build.0 = Debug|Any CPU
		{0DCD4D36-28DE-4575-B93F-6CE3A17C4C3F}.Release|Any CPU.ActiveCfg = Release|Any CPU
		{0DCD4D36-28DE-4575-B93F-6CE3A17C4C3F}.Release|Any CPU.Build.0 = Release|Any CPU
		{22F6D71F-3B8F-48AC-BFAD-E46616CF9F5C}.Debug|Any CPU.ActiveCfg = Debug|Any CPU
		{22F6D71F-3B8F-48AC-BFAD-E46616CF9F5C}.Debug|Any CPU.Build.0 = Debug|Any CPU
		{22F6D71F-3B8F-48AC-BFAD-E46616CF9F5C}.Release|Any CPU.ActiveCfg = Release|Any CPU
		{22F6D71F-3B8F-48AC-BFAD-E46616CF9F5C}.Release|Any CPU.Build.0 = Release|Any CPU
		{4B58BF37-4EA0-4C3B-B2DD-E12AD45D5FFD}.Debug|Any CPU.ActiveCfg = Debug|Any CPU
		{4B58BF37-4EA0-4C3B-B2DD-E12AD45D5FFD}.Debug|Any CPU.Build.0 = Debug|Any CPU
		{4B58BF37-4EA0-4C3B-B2DD-E12AD45D5FFD}.Release|Any CPU.ActiveCfg = Release|Any CPU
		{4B58BF37-4EA0-4C3B-B2DD-E12AD45D5FFD}.Release|Any CPU.Build.0 = Release|Any CPU
		{80EB970B-D9B5-4AD5-AE55-7DC5FAF54F24}.Debug|Any CPU.ActiveCfg = Debug|Any CPU
		{80EB970B-D9B5-4AD5-AE55-7DC5FAF54F24}.Debug|Any CPU.Build.0 = Debug|Any CPU
		{80EB970B-D9B5-4AD5-AE55-7DC5FAF54F24}.Release|Any CPU.ActiveCfg = Release|Any CPU
		{80EB970B-D9B5-4AD5-AE55-7DC5FAF54F24}.Release|Any CPU.Build.0 = Release|Any CPU
	EndGlobalSection
	GlobalSection(SolutionProperties) = preSolution
		HideSolutionNode = FALSE
	EndGlobalSection
	GlobalSection(NestedProjects) = preSolution
		{DB6A9882-5C13-464D-930B-668E5D2F57C1} = {A87594B1-7D93-4D49-AE75-9FFEC5D0BC67}
		{6CB37B73-D878-4093-AB7B-32015B4D1386} = {A87594B1-7D93-4D49-AE75-9FFEC5D0BC67}
		{8F5AD62D-3825-45AD-859A-92531F7F5887} = {6A258C8B-62DA-40BB-85E9-3DDDEC843500}
		{9C80495D-C3FE-42C7-B2B2-7B1837E88774} = {76526969-FD2B-43E0-B353-E26C6EBCFDE9}
		{9DF18A39-CB50-4590-B0E1-B9BD1B92E710} = {4C748011-5B87-4541-BF14-E334FFCA005B}
		{0DCD4D36-28DE-4575-B93F-6CE3A17C4C3F} = {3A213784-7E11-4DB9-A512-0C6DDD2DE726}
		{22F6D71F-3B8F-48AC-BFAD-E46616CF9F5C} = {3DFF7B17-7421-4F1C-B8FB-5D4959C6E8CE}
		{4B58BF37-4EA0-4C3B-B2DD-E12AD45D5FFD} = {6994D754-B1F4-4485-BE10-82BF133EF29C}
		{80EB970B-D9B5-4AD5-AE55-7DC5FAF54F24} = {E073AE9A-1888-409D-AE42-CC10EB5B98C2}
	EndGlobalSection
	GlobalSection(ExtensibilityGlobals) = postSolution
		SolutionGuid = {B9239E59-720F-4EB7-AB8E-A5A1D277D0AB}
	EndGlobalSection
EndGlobal
